{
  "name": "b-tree",
  "version": "0.0.1",
  "lockfileVersion": 1,
  "requires": true,
  "dependencies": {
    "metarhia-common": {
      "version": "0.0.31",
      "resolved": "https://registry.npmjs.org/metarhia-common/-/metarhia-common-0.0.31.tgz",
      "integrity": "sha512-wQRBlV7rtiESgW5YtDg9jmN0sOVce2U7sOFL0ZuiVVyz8ZrBPxK+2wL5haq7SAGicr2R8+9cGP9Bv694J3EJvQ=="
    }
  }
}
